// !$*UTF8*$!
{
	archiveVersion = 1;
	classes = {
	};
	objectVersion = 46;
	objects = {

/* Begin PBXBuildFile section */
		7913E2A91CB4A38200756C40 /* main.m in Sources */ = {isa = PBXBuildFile; fileRef = 7913E2A81CB4A38200756C40 /* main.m */; };
		7913E2AC1CB4A38200756C40 /* AppDelegate.m in Sources */ = {isa = PBXBuildFile; fileRef = 7913E2AB1CB4A38200756C40 /* AppDelegate.m */; };
		7913E2AF1CB4A38200756C40 /* ViewController.m in Sources */ = {isa = PBXBuildFile; fileRef = 7913E2AE1CB4A38200756C40 /* ViewController.m */; };
		7913E2B21CB4A38200756C40 /* Main.storyboard in Resources */ = {isa = PBXBuildFile; fileRef = 7913E2B01CB4A38200756C40 /* Main.storyboard */; };
		7913E2B51CB4A38200756C40 /* MDSpeedNews.xcdatamodeld in Sources */ = {isa = PBXBuildFile; fileRef = 7913E2B31CB4A38200756C40 /* MDSpeedNews.xcdatamodeld */; };
		7913E2B71CB4A38200756C40 /* Assets.xcassets in Resources */ = {isa = PBXBuildFile; fileRef = 7913E2B61CB4A38200756C40 /* Assets.xcassets */; };
		7913E2BA1CB4A38200756C40 /* LaunchScreen.storyboard in Resources */ = {isa = PBXBuildFile; fileRef = 7913E2B81CB4A38200756C40 /* LaunchScreen.storyboard */; };
/* End PBXBuildFile section */

/* Begin PBXFileReference section */
		7913E2A41CB4A38200756C40 /* MDSpeedNews.app */ = {isa = PBXFileReference; explicitFileType = wrapper.application; includeInIndex = 0; path = MDSpeedNews.app; sourceTree = BUILT_PRODUCTS_DIR; };
		7913E2A81CB4A38200756C40 /* main.m */ = {isa = PBXFileReference; lastKnownFileType = sourcecode.c.objc; path = main.m; sourceTree = "<group>"; };
		7913E2AA1CB4A38200756C40 /* AppDelegate.h */ = {isa = PBXFileReference; lastKnownFileType = sourcecode.c.h; path = AppDelegate.h; sourceTree = "<group>"; };
		7913E2AB1CB4A38200756C40 /* AppDelegate.m */ = {isa = PBXFileReference; lastKnownFileType = sourcecode.c.objc; path = AppDelegate.m; sourceTree = "<group>"; };
		7913E2AD1CB4A38200756C40 /* ViewController.h */ = {isa = PBXFileReference; lastKnownFileType = sourcecode.c.h; path = ViewController.h; sourceTree = "<group>"; };
		7913E2AE1CB4A38200756C40 /* ViewController.m */ = {isa = PBXFileReference; lastKnownFileType = sourcecode.c.objc; path = ViewController.m; sourceTree = "<group>"; };
		7913E2B11CB4A38200756C40 /* Base */ = {isa = PBXFileReference; lastKnownFileType = file.storyboard; name = Base; path = Base.lproj/Main.storyboard; sourceTree = "<group>"; };
		7913E2B41CB4A38200756C40 /* MDSpeedNews.xcdatamodel */ = {isa = PBXFileReference; lastKnownFileType = wrapper.xcdatamodel; path = MDSpeedNews.xcdatamodel; sourceTree = "<group>"; };
		7913E2B61CB4A38200756C40 /* Assets.xcassets */ = {isa = PBXFileReference; lastKnownFileType = folder.assetcatalog; path = Assets.xcassets; sourceTree = "<group>"; };
		7913E2B91CB4A38200756C40 /* Base */ = {isa = PBXFileReference; lastKnownFileType = file.storyboard; name = Base; path = Base.lproj/LaunchScreen.storyboard; sourceTree = "<group>"; };
		7913E2BB1CB4A38200756C40 /* Info.plist */ = {isa = PBXFileReference; lastKnownFileType = text.plist.xml; path = Info.plist; sourceTree = "<group>"; };
/* End PBXFileReference section */

/* Begin PBXFrameworksBuildPhase section */
		7913E2A11CB4A38200756C40 /* Frameworks */ = {
			isa = PBXFrameworksBuildPhase;
			buildActionMask = 2147483647;
			files = (
			);
			runOnlyForDeploymentPostprocessing = 0;
		};
/* End PBXFrameworksBuildPhase section */

/* Begin PBXGroup section */
		7913E29B1CB4A38200756C40 = {
			isa = PBXGroup;
			children = (
				7913E2A61CB4A38200756C40 /* MDSpeedNews */,
				7913E2A51CB4A38200756C40 /* Products */,
			);
			sourceTree = "<group>";
		};
		7913E2A51CB4A38200756C40 /* Products */ = {
			isa = PBXGroup;
			children = (
				7913E2A41CB4A38200756C40 /* MDSpeedNews.app */,
			);
			name = Products;
			sourceTree = "<group>";
		};
		7913E2A61CB4A38200756C40 /* MDSpeedNews */ = {
			isa = PBXGroup;
			children = (
				7913E2AA1CB4A38200756C40 /* AppDelegate.h */,
				7913E2AB1CB4A38200756C40 /* AppDelegate.m */,
				7913E2AD1CB4A38200756C40 /* ViewController.h */,
				7913E2AE1CB4A38200756C40 /* ViewController.m */,
				7913E2B01CB4A38200756C40 /* Main.storyboard */,
				7913E2B61CB4A38200756C40 /* Assets.xcassets */,
				7913E2B81CB4A38200756C40 /* LaunchScreen.storyboard */,
				7913E2BB1CB4A38200756C40 /* Info.plist */,
				7913E2B31CB4A38200756C40 /* MDSpeedNews.xcdatamodeld */,
				7913E2A71CB4A38200756C40 /* Supporting Files */,
			);
			path = MDSpeedNews;
			sourceTree = "<group>";
		};
		7913E2A71CB4A38200756C40 /* Supporting Files */ = {
			isa = PBXGroup;
			children = (
				7913E2A81CB4A38200756C40 /* main.m */,
			);
			name = "Supporting Files";
			sourceTree = "<group>";
		};
/* End PBXGroup section */

/* Begin PBXNativeTarget section */
		7913E2A31CB4A38200756C40 /* MDSpeedNews */ = {
			isa = PBXNativeTarget;
			buildConfigurationList = 7913E2BE1CB4A38200756C40 /* Build configuration list for PBXNativeTarget "MDSpeedNews" */;
			buildPhases = (
				7913E2A01CB4A38200756C40 /* Sources */,
				7913E2A11CB4A38200756C40 /* Frameworks */,
				7913E2A21CB4A38200756C40 /* Resources */,
			);
			buildRules = (
			);
			dependencies = (
			);
			name = MDSpeedNews;
			productName = MDSpeedNews;
			productReference = 7913E2A41CB4A38200756C40 /* MDSpeedNews.app */;
			productType = "com.apple.product-type.application";
		};
/* End PBXNativeTarget section */

/* Begin PBXProject section */
		7913E29C1CB4A38200756C40 /* Project object */ = {
			isa = PBXProject;
			attributes = {
				LastUpgradeCheck = 0700;
				ORGANIZATIONNAME = Medalands;
				TargetAttributes = {
					7913E2A31CB4A38200756C40 = {
						CreatedOnToolsVersion = 7.0;
					};
				};
			};
			buildConfigurationList = 7913E29F1CB4A38200756C40 /* Build configuration list for PBXProject "MDSpeedNews" */;
			compatibilityVersion = "Xcode 3.2";
			developmentRegion = English;
			hasScannedForEncodings = 0;
			knownRegions = (
				en,
				Base,
			);
			mainGroup = 7913E29B1CB4A38200756C40;
			productRefGroup = 7913E2A51CB4A38200756C40 /* Products */;
			projectDirPath = "";
			projectRoot = "";
			targets = (
				7913E2A31CB4A38200756C40 /* MDSpeedNews */,
			);
		};
/* End PBXProject section */

/* Begin PBXResourcesBuildPhase section */
		7913E2A21CB4A38200756C40 /* Resources */ = {
			isa = PBXResourcesBuildPhase;
			buildActionMask = 2147483647;
			files = (
				7913E2BA1CB4A38200756C40 /* LaunchScreen.storyboard in Resources */,
				7913E2B71CB4A38200756C40 /* Assets.xcassets in Resources */,
				7913E2B21CB4A38200756C40 /* Main.storyboard in Resources */,
			);
			runOnlyForDeploymentPostprocessing = 0;
		};
/* End PBXResourcesBuildPhase section */

/* Begin PBXSourcesBuildPhase section */
		7913E2A01CB4A38200756C40 /* Sources */ = {
			isa = PBXSourcesBuildPhase;
			buildActionMask = 2147483647;
			files = (
				7913E2AF1CB4A38200756C40 /* ViewController.m in Sources */,
				7913E2AC1CB4A38200756C40 /* AppDelegate.m in Sources */,
				7913E2A91CB4A38200756C40 /* main.m in Sources */,
				7913E2B51CB4A38200756C40 /* MDSpeedNews.xcdatamodeld in Sources */,
			);
			runOnlyForDeploymentPostprocessing = 0;
		};
/* End PBXSourcesBuildPhase section */

/* Begin PBXVariantGroup section */
		7913E2B01CB4A38200756C40 /* Main.storyboard */ = {
			isa = PBXVariantGroup;
			children = (
				7913E2B11CB4A38200756C40 /* Base */,
			);
			name = Main.storyboard;
			sourceTree = "<group>";
		};
		7913E2B81CB4A38200756C40 /* LaunchScreen.storyboard */ = {
			isa = PBXVariantGroup;
			children = (
				7913E2B91CB4A38200756C40 /* Base */,
			);
			name = LaunchScreen.storyboard;
			sourceTree = "<group>";
		};
/* End PBXVariantGroup section */

/* Begin XCBuildConfiguration section */
		7913E2BC1CB4A38200756C40 /* Debug */ = {
			isa = XCBuildConfiguration;
			buildSettings = {
				ALWAYS_SEARCH_USER_PATHS = NO;
				CLANG_CXX_LANGUAGE_STANDARD = "gnu++0x";
				CLANG_CXX_LIBRARY = "libc++";
				CLANG_ENABLE_MODULES = YES;
				CLANG_ENABLE_OBJC_ARC = YES;
				CLANG_WARN_BOOL_CONVERSION = YES;
				CLANG_WARN_CONSTANT_CONVERSION = YES;
				CLANG_WARN_DIRECT_OBJC_ISA_USAGE = YES_ERROR;
				CLANG_WARN_EMPTY_BODY = YES;
				CLANG_WARN_ENUM_CONVERSION = YES;
				CLANG_WARN_INT_CONVERSION = YES;
				CLANG_WARN_OBJC_ROOT_CLASS = YES_ERROR;
				CLANG_WARN_UNREACHABLE_CODE = YES;
				CLANG_WARN__DUPLICATE_METHOD_MATCH = YES;
				"CODE_SIGN_IDENTITY[sdk=iphoneos*]" = "iPhone Developer";
				COPY_PHASE_STRIP = NO;
				DEBUG_INFORMATION_FORMAT = dwarf;
				ENABLE_STRICT_OBJC_MSGSEND = YES;
				ENABLE_TESTABILITY = YES;
				GCC_C_LANGUAGE_STANDARD = gnu99;
				GCC_DYNAMIC_NO_PIC = NO;
				GCC_NO_COMMON_BLOCKS = YES;
				GCC_OPTIMIZATION_LEVEL = 0;
				GCC_PREPROCESSOR_DEFINITIONS = (
					"DEBUG=1",
					"$(inherited)",
				);
				GCC_WARN_64_TO_32_BIT_CONVERSION = YES;
				GCC_WARN_ABOUT_RETURN_TYPE = YES_ERROR;
				GCC_WARN_UNDECLARED_SELECTOR = YES;
				GCC_WARN_UNINITIALIZED_AUTOS = YES_AGGRESSIVE;
				GCC_WARN_UNUSED_FUNCTION = YES;
				GCC_WARN_UNUSED_VARIABLE = YES;
				IPHONEOS_DEPLOYMENT_TARGET = 9.0;
				MTL_ENABLE_DEBUG_INFO = YES;
				ONLY_ACTIVE_ARCH = YES;
				SDKROOT = iphoneos;
			};
			name = Debug;
		};
		7913E2BD1CB4A38200756C40 /* Release */ = {
			isa = XCBuildConfiguration;
			buildSettings = {
				ALWAYS_SEARCH_USER_PATHS = NO;
				CLANG_CXX_LANGUAGE_STANDARD = "gnu++0x";
				CLANG_CXX_LIBRARY = "libc++";
				CLANG_ENABLE_MODULES = YES;
				CLANG_ENABLE_OBJC_ARC = YES;
				CLANG_WARN_BOOL_CONVERSION = YES;
				CLANG_WARN_CONSTANT_CONVERSION = YES;
				CLANG_WARN_DIRECT_OBJC_ISA_USAGE = YES_ERROR;
				CLANG_WARN_EMPTY_BODY = YES;
				CLANG_WARN_ENUM_CONVERSION = YES;
				CLANG_WARN_INT_CONVERSION = YES;
				CLANG_WARN_OBJC_ROOT_CLASS = YES_ERROR;
				CLANG_WARN_UNREACHABLE_CODE = YES;
				CLANG_WARN__DUPLICATE_METHOD_MATCH = YES;
				"CODE_SIGN_IDENTITY[sdk=iphoneos*]" = "iPhone Developer";
				COPY_PHASE_STRIP = NO;
				DEBUG_INFORMATION_FORMAT = "dwarf-with-dsym";
				ENABLE_NS_ASSERTIONS = NO;
				ENABLE_STRICT_OBJC_MSGSEND = YES;
				GCC_C_LANGUAGE_STANDARD = gnu99;
				GCC_NO_COMMON_BLOCKS = YES;
				GCC_WARN_64_TO_32_BIT_CONVERSION = YES;
				GCC_WARN_ABOUT_RETURN_TYPE = YES_ERROR;
				GCC_WARN_UNDECLARED_SELECTOR = YES;
				GCC_WARN_UNINITIALIZED_AUTOS = YES_AGGRESSIVE;
				GCC_WARN_UNUSED_FUNCTION = YES;
				GCC_WARN_UNUSED_VARIABLE = YES;
				IPHONEOS_DEPLOYMENT_TARGET = 9.0;
				MTL_ENABLE_DEBUG_INFO = NO;
				SDKROOT = iphoneos;
				VALIDATE_PRODUCT = YES;
			};
			name = Release;
		};
		7913E2BF1CB4A38200756C40 /* Debug */ = {
			isa = XCBuildConfiguration;
			buildSettings = {
				ASSETCATALOG_COMPILER_APPICON_NAME = AppIcon;
				INFOPLIST_FILE = MDSpeedNews/Info.plist;
				LD_RUNPATH_SEARCH_PATHS = "$(inherited) @executable_path/Frameworks";
				PRODUCT_BUNDLE_IDENTIFIER = com.medalands.MDSpeedNews;
				PRODUCT_NAME = "$(TARGET_NAME)";
			};
			name = Debug;
		};
		7913E2C01CB4A38200756C40 /* Release */ = {
			isa = XCBuildConfiguration;
			buildSettings = {
				ASSETCATALOG_COMPILER_APPICON_NAME = AppIcon;
				INFOPLIST_FILE = MDSpeedNews/Info.plist;
				LD_RUNPATH_SEARCH_PATHS = "$(inherited) @executable_path/Frameworks";
				PRODUCT_BUNDLE_IDENTIFIER = com.medalands.MDSpeedNews;
				PRODUCT_NAME = "$(TARGET_NAME)";
			};
			name = Release;
		};
/* End XCBuildConfiguration section */

/* Begin XCConfigurationList section */
		7913E29F1CB4A38200756C40 /* Build configuration list for PBXProject "MDSpeedNews" */ = {
			isa = XCConfigurationList;
			buildConfigurations = (
				7913E2BC1CB4A38200756C40 /* Debug */,
				7913E2BD1CB4A38200756C40 /* Release */,
			);
			defaultConfigurationIsVisible = 0;
			defaultConfigurationName = Release;
		};
		7913E2BE1CB4A38200756C40 /* Build configuration list for PBXNativeTarget "MDSpeedNews" */ = {
			isa = XCConfigurationList;
			buildConfigurations = (
				7913E2BF1CB4A38200756C40 /* Debug */,
				7913E2C01CB4A38200756C40 /* Release */,
			);
			defaultConfigurationIsVisible = 0;
		};
/* End XCConfigurationList section */

/* Begin XCVersionGroup section */
		7913E2B31CB4A38200756C40 /* MDSpeedNews.xcdatamodeld */ = {
			isa = XCVersionGroup;
			children = (
				7913E2B41CB4A38200756C40 /* MDSpeedNews.xcdatamodel */,
			);
			currentVersion = 7913E2B41CB4A38200756C40 /* MDSpeedNews.xcdatamodel */;
			path = MDSpeedNews.xcdatamodeld;
			sourceTree = "<group>";
			versionGroupType = wrapper.xcdatamodel;
		};
/* End XCVersionGroup section */
	};
	rootObject = 7913E29C1CB4A38200756C40 /* Project object */;
}
